
Microsoft Visual Studio Solution File, Format Version 12.00
# Visual Studio Version 16
VisualStudioVersion = 16.0.32002.261
MinimumVisualStudioVersion = 10.0.40219.1
Project("{FAE04EC0-301F-11D3-BF4B-00C04F79EFBC}") = "AsyncAwait", "AsyncAwait\AsyncAwait.csproj", "{2D08D043-CE5E-4D69-9F31-EB5087660D69}"
EndProject
Global
	GlobalSection(SolutionConfigurationPlatforms) = preSolution
		Debug|Any CPU = Debug|Any CPU
		Release|Any CPU = Release|Any CPU
	EndGlobalSection
	GlobalSection(ProjectConfigurationPlatforms) = postSolution
		{2D08D043-CE5E-4D69-9F31-EB5087660D69}.Debug|Any CPU.ActiveCfg = Debug|Any CPU
		{2D08D043-CE5E-4D69-9F31-EB5087660D69}.Debug|Any CPU.Build.0 = Debug|Any CPU
		{2D08D043-CE5E-4D69-9F31-EB5087660D69}.Release|Any CPU.ActiveCfg = Release|Any CPU
		{2D08D043-CE5E-4D69-9F31-EB5087660D69}.Release|Any CPU.Build.0 = Release|Any CPU
	EndGlobalSection
	GlobalSection(SolutionProperties) = preSolution
		HideSolutionNode = FALSE
	EndGlobalSection
	GlobalSection(ExtensibilityGlobals) = postSolution
		SolutionGuid = {A2AFC02A-FEC0-46A9-B6FA-5BA6580BF8C3}
	EndGlobalSection
EndGlobal
